
Microsoft Visual Studio Solution File, Format Version 12.00
# Visual Studio Version 17
VisualStudioVersion = 17.14.36109.1
MinimumVisualStudioVersion = 10.0.40219.1
Project("{FAE04EC0-301F-11D3-BF4B-00C04F79EFBC}") = "Test", "Test\Test.csproj", "{274FD15B-5D4F-4E7A-992A-AB2AF45B9E7E}"
EndProject
Project("{FAE04EC0-301F-11D3-BF4B-00C04F79EFBC}") = "TestProject1", "TestProject1\TestProject1.csproj", "{A30ED530-8D19-41AE-A0BE-F6A1848146E3}"
EndProject
Project("{2150E333-8FDC-42A3-9474-1A3956D46DE8}") = ".github", ".github", "{02EA681E-C7D8-13C7-8484-4AC65E1B71E8}"
EndProject
Project("{2150E333-8FDC-42A3-9474-1A3956D46DE8}") = "workflows", "workflows", "{2DE4DD88-4448-489E-968B-47A933ADB52E}"
	ProjectSection(SolutionItems) = preProject
		ci.yml = ci.yml
	EndProjectSection
EndProject
Global
	GlobalSection(SolutionConfigurationPlatforms) = preSolution
		Debug|Any CPU = Debug|Any CPU
		Release|Any CPU = Release|Any CPU
	EndGlobalSection
	GlobalSection(ProjectConfigurationPlatforms) = postSolution
		{274FD15B-5D4F-4E7A-992A-AB2AF45B9E7E}.Debug|Any CPU.ActiveCfg = Debug|Any CPU
		{274FD15B-5D4F-4E7A-992A-AB2AF45B9E7E}.Debug|Any CPU.Build.0 = Debug|Any CPU
		{274FD15B-5D4F-4E7A-992A-AB2AF45B9E7E}.Release|Any CPU.ActiveCfg = Release|Any CPU
		{274FD15B-5D4F-4E7A-992A-AB2AF45B9E7E}.Release|Any CPU.Build.0 = Release|Any CPU
		{A30ED530-8D19-41AE-A0BE-F6A1848146E3}.Debug|Any CPU.ActiveCfg = Debug|Any CPU
		{A30ED530-8D19-41AE-A0BE-F6A1848146E3}.Debug|Any CPU.Build.0 = Debug|Any CPU
		{A30ED530-8D19-41AE-A0BE-F6A1848146E3}.Release|Any CPU.ActiveCfg = Release|Any CPU
		{A30ED530-8D19-41AE-A0BE-F6A1848146E3}.Release|Any CPU.Build.0 = Release|Any CPU
	EndGlobalSection
	GlobalSection(SolutionProperties) = preSolution
		HideSolutionNode = FALSE
	EndGlobalSection
	GlobalSection(NestedProjects) = preSolution
		{2DE4DD88-4448-489E-968B-47A933ADB52E} = {02EA681E-C7D8-13C7-8484-4AC65E1B71E8}
	EndGlobalSection
	GlobalSection(ExtensibilityGlobals) = postSolution
		SolutionGuid = {67A7306D-E69E-4296-A42C-F6E83DC296DB}
	EndGlobalSection
EndGlobal
